
Microsoft Visual Studio Solution File, Format Version 12.00
# Visual Studio 2012
Project("{FAE04EC0-301F-11D3-BF4B-00C04F79EFBC}") = "LyrOn", "LyrOn\LyrOn.csproj", "{5A30CA72-28BF-4D8B-82E6-896AD72F2834}"
EndProject
Project("{FAE04EC0-301F-11D3-BF4B-00C04F79EFBC}") = "LyrOn.iOS", "iOS\LyrOn.iOS.csproj", "{35D9C0A2-0CE3-49EF-A312-20DDE4FACD31}"
EndProject
Project("{FAE04EC0-301F-11D3-BF4B-00C04F79EFBC}") = "LyrOn.Droid", "Droid\LyrOn.Droid.csproj", "{3E1575A6-21DB-48FA-BE6A-CE53C48F54FA}"
EndProject
Global
	GlobalSection(SolutionConfigurationPlatforms) = preSolution
		Debug|Any CPU = Debug|Any CPU
		Release|Any CPU = Release|Any CPU
		Debug|iPhoneSimulator = Debug|iPhoneSimulator
		Release|iPhone = Release|iPhone
		Release|iPhoneSimulator = Release|iPhoneSimulator
		Debug|iPhone = Debug|iPhone
	EndGlobalSection
	GlobalSection(ProjectConfigurationPlatforms) = postSolution
		{5A30CA72-28BF-4D8B-82E6-896AD72F2834}.Debug|Any CPU.ActiveCfg = Debug|Any CPU
		{5A30CA72-28BF-4D8B-82E6-896AD72F2834}.Debug|Any CPU.Build.0 = Debug|Any CPU
		{5A30CA72-28BF-4D8B-82E6-896AD72F2834}.Release|Any CPU.ActiveCfg = Release|Any CPU
		{5A30CA72-28BF-4D8B-82E6-896AD72F2834}.Release|Any CPU.Build.0 = Release|Any CPU
		{5A30CA72-28BF-4D8B-82E6-896AD72F2834}.Debug|iPhoneSimulator.ActiveCfg = Debug|Any CPU
		{5A30CA72-28BF-4D8B-82E6-896AD72F2834}.Debug|iPhoneSimulator.Build.0 = Debug|Any CPU
		{5A30CA72-28BF-4D8B-82E6-896AD72F2834}.Release|iPhone.ActiveCfg = Release|Any CPU
		{5A30CA72-28BF-4D8B-82E6-896AD72F2834}.Release|iPhone.Build.0 = Release|Any CPU
		{5A30CA72-28BF-4D8B-82E6-896AD72F2834}.Release|iPhoneSimulator.ActiveCfg = Release|Any CPU
		{5A30CA72-28BF-4D8B-82E6-896AD72F2834}.Release|iPhoneSimulator.Build.0 = Release|Any CPU
		{5A30CA72-28BF-4D8B-82E6-896AD72F2834}.Debug|iPhone.ActiveCfg = Debug|Any CPU
		{5A30CA72-28BF-4D8B-82E6-896AD72F2834}.Debug|iPhone.Build.0 = Debug|Any CPU
		{35D9C0A2-0CE3-49EF-A312-20DDE4FACD31}.Debug|Any CPU.ActiveCfg = Debug|iPhoneSimulator
		{35D9C0A2-0CE3-49EF-A312-20DDE4FACD31}.Debug|Any CPU.Build.0 = Debug|iPhoneSimulator
		{35D9C0A2-0CE3-49EF-A312-20DDE4FACD31}.Release|Any CPU.ActiveCfg = Release|iPhone
		{35D9C0A2-0CE3-49EF-A312-20DDE4FACD31}.Release|Any CPU.Build.0 = Release|iPhone
		{35D9C0A2-0CE3-49EF-A312-20DDE4FACD31}.Debug|iPhoneSimulator.ActiveCfg = Debug|iPhoneSimulator
		{35D9C0A2-0CE3-49EF-A312-20DDE4FACD31}.Debug|iPhoneSimulator.Build.0 = Debug|iPhoneSimulator
		{35D9C0A2-0CE3-49EF-A312-20DDE4FACD31}.Release|iPhone.ActiveCfg = Release|iPhone
		{35D9C0A2-0CE3-49EF-A312-20DDE4FACD31}.Release|iPhone.Build.0 = Release|iPhone
		{35D9C0A2-0CE3-49EF-A312-20DDE4FACD31}.Release|iPhoneSimulator.ActiveCfg = Release|iPhoneSimulator
		{35D9C0A2-0CE3-49EF-A312-20DDE4FACD31}.Release|iPhoneSimulator.Build.0 = Release|iPhoneSimulator
		{35D9C0A2-0CE3-49EF-A312-20DDE4FACD31}.Debug|iPhone.ActiveCfg = Debug|iPhone
		{35D9C0A2-0CE3-49EF-A312-20DDE4FACD31}.Debug|iPhone.Build.0 = Debug|iPhone
		{3E1575A6-21DB-48FA-BE6A-CE53C48F54FA}.Debug|Any CPU.ActiveCfg = Debug|Any CPU
		{3E1575A6-21DB-48FA-BE6A-CE53C48F54FA}.Debug|Any CPU.Build.0 = Debug|Any CPU
		{3E1575A6-21DB-48FA-BE6A-CE53C48F54FA}.Release|Any CPU.ActiveCfg = Release|Any CPU
		{3E1575A6-21DB-48FA-BE6A-CE53C48F54FA}.Release|Any CPU.Build.0 = Release|Any CPU
		{3E1575A6-21DB-48FA-BE6A-CE53C48F54FA}.Debug|iPhoneSimulator.ActiveCfg = Debug|Any CPU
		{3E1575A6-21DB-48FA-BE6A-CE53C48F54FA}.Debug|iPhoneSimulator.Build.0 = Debug|Any CPU
		{3E1575A6-21DB-48FA-BE6A-CE53C48F54FA}.Release|iPhone.ActiveCfg = Release|Any CPU
		{3E1575A6-21DB-48FA-BE6A-CE53C48F54FA}.Release|iPhone.Build.0 = Release|Any CPU
		{3E1575A6-21DB-48FA-BE6A-CE53C48F54FA}.Release|iPhoneSimulator.ActiveCfg = Release|Any CPU
		{3E1575A6-21DB-48FA-BE6A-CE53C48F54FA}.Release|iPhoneSimulator.Build.0 = Release|Any CPU
		{3E1575A6-21DB-48FA-BE6A-CE53C48F54FA}.Debug|iPhone.ActiveCfg = Debug|Any CPU
		{3E1575A6-21DB-48FA-BE6A-CE53C48F54FA}.Debug|iPhone.Build.0 = Debug|Any CPU
	EndGlobalSection
EndGlobal
